<?xml version="1.0" encoding="utf-8"?>
<Project ToolsVersion="4.0" xmlns="http://schemas.microsoft.com/developer/msbuild/2003">
  <ItemGroup>
    <Filter Include="Source Files">
      <UniqueIdentifier>{982dbdc4-6e33-490d-b46d-bd7782e5c6a3}</UniqueIdentifier>
      <Extensions>cpp;c;cxx;rc;def;r;odl;idl;hpj;bat</Extensions>
    </Filter>
    <Filter Include="Header Files">
      <UniqueIdentifier>{ca542def-ffc0-4ce8-aeca-4cdd1cd2df2d}</UniqueIdentifier>
      <Extensions>h;hpp;hxx;hm;inl</Extensions>
    </Filter>
    <Filter Include="Resource Files">
      <UniqueIdentifier>{84f88f49-14a6-45b9-adae-d81c3a4dc64f}</UniqueIdentifier>
      <Extensions>ico;cur;bmp;dlg;rc2;rct;bin;rgs;gif;jpg;jpeg;jpe</Extensions>
    </Filter>
  </ItemGroup>
  <ItemGroup>
    <ClCompile Include="DlgStat.cpp">
      <Filter>Source Files</Filter>
    </ClCompile>
    <ClCompile Include="hexedit.cpp">
      <Filter>Source Files</Filter>
    </ClCompile>
    <ClCompile Include="MainFrm.cpp">
      <Filter>Source Files</Filter>
    </ClCompile>
    <ClCompile Include="MyOwnView.cpp">
      <Filter>Source Files</Filter>
    </ClCompile>
    <ClCompile Include="MyProPage.cpp">
      <Filter>Source Files</Filter>
    </ClCompile>
    <ClCompile Include="mysniffer.cpp">
      <Filter>Source Files</Filter>
    </ClCompile>
    <ClCompile Include="mysnifferDoc.cpp">
      <Filter>Source Files</Filter>
    </ClCompile>
    <ClCompile Include="mysnifferView.cpp">
      <Filter>Source Files</Filter>
    </ClCompile>
    <ClCompile Include="StdAfx.cpp">
      <Filter>Source Files</Filter>
    </ClCompile>
  </ItemGroup>
  <ItemGroup>
    <Midl Include="mysniffer.odl">
      <Filter>Source Files</Filter>
    </Midl>
  </ItemGroup>
  <ItemGroup>
    <ResourceCompile Include="mysniffer.rc">
      <Filter>Source Files</Filter>
    </ResourceCompile>
  </ItemGroup>
  <ItemGroup>
    <ClInclude Include="DlgStat.h">
      <Filter>Header Files</Filter>
    </ClInclude>
    <ClInclude Include="hexedit.h">
      <Filter>Header Files</Filter>
    </ClInclude>
    <ClInclude Include="MainFrm.h">
      <Filter>Header Files</Filter>
    </ClInclude>
    <ClInclude Include="MyOwnView.h">
      <Filter>Header Files</Filter>
    </ClInclude>
    <ClInclude Include="MyProPage.h">
      <Filter>Header Files</Filter>
    </ClInclude>
    <ClInclude Include="mysniffer.h">
      <Filter>Header Files</Filter>
    </ClInclude>
    <ClInclude Include="mysnifferDoc.h">
      <Filter>Header Files</Filter>
    </ClInclude>
    <ClInclude Include="mysnifferView.h">
      <Filter>Header Files</Filter>
    </ClInclude>
    <ClInclude Include="Resource.h">
      <Filter>Header Files</Filter>
    </ClInclude>
    <ClInclude Include="StdAfx.h">
      <Filter>Header Files</Filter>
    </ClInclude>
  </ItemGroup>
  <ItemGroup>
    <Image Include="res\mysniffer.ico">
      <Filter>Resource Files</Filter>
    </Image>
    <Image Include="res\mysnifferDoc.ico">
      <Filter>Resource Files</Filter>
    </Image>
  </ItemGroup>
  <ItemGroup>
    <None Include="res\mysniffer.rc2">
      <Filter>Resource Files</Filter>
    </None>
    <None Include="mysniffer.reg" />
  </ItemGroup>
  <ItemGroup>
    <Text Include="ReadMe.txt" />
  </ItemGroup>
</Project>